
Microsoft Visual Studio Solution File, Format Version 12.00
# Visual Studio 15
VisualStudioVersion = 15.0.28307.421
MinimumVisualStudioVersion = 10.0.40219.1
Project("{FAE04EC0-301F-11D3-BF4B-00C04F79EFBC}") = "MyRecruitingAgent", "MyRecruitingAgent\MyRecruitingAgent.csproj", "{D9E29AE6-96FD-4DB1-823B-CE035F212671}"
EndProject
Project("{FAE04EC0-301F-11D3-BF4B-00C04F79EFBC}") = "ATSLibrary", "ATSLibrary\ATSLibrary.csproj", "{6AF0615F-3AD0-48CB-A16C-BFEE36BB6C98}"
EndProject
Global
	GlobalSection(SolutionConfigurationPlatforms) = preSolution
		Debug|Any CPU = Debug|Any CPU
		Release|Any CPU = Release|Any CPU
	EndGlobalSection
	GlobalSection(ProjectConfigurationPlatforms) = postSolution
		{D9E29AE6-96FD-4DB1-823B-CE035F212671}.Debug|Any CPU.ActiveCfg = Debug|Any CPU
		{D9E29AE6-96FD-4DB1-823B-CE035F212671}.Debug|Any CPU.Build.0 = Debug|Any CPU
		{D9E29AE6-96FD-4DB1-823B-CE035F212671}.Release|Any CPU.ActiveCfg = Release|Any CPU
		{D9E29AE6-96FD-4DB1-823B-CE035F212671}.Release|Any CPU.Build.0 = Release|Any CPU
		{6AF0615F-3AD0-48CB-A16C-BFEE36BB6C98}.Debug|Any CPU.ActiveCfg = Debug|Any CPU
		{6AF0615F-3AD0-48CB-A16C-BFEE36BB6C98}.Debug|Any CPU.Build.0 = Debug|Any CPU
		{6AF0615F-3AD0-48CB-A16C-BFEE36BB6C98}.Release|Any CPU.ActiveCfg = Release|Any CPU
		{6AF0615F-3AD0-48CB-A16C-BFEE36BB6C98}.Release|Any CPU.Build.0 = Release|Any CPU
	EndGlobalSection
	GlobalSection(SolutionProperties) = preSolution
		HideSolutionNode = FALSE
	EndGlobalSection
	GlobalSection(ExtensibilityGlobals) = postSolution
		SolutionGuid = {FF291E10-23F7-45F8-A0B7-78D93F224343}
	EndGlobalSection
EndGlobal
